
Microsoft Visual Studio Solution File, Format Version 12.00
# Visual Studio Version 17
VisualStudioVersion = 17.0.32112.339
MinimumVisualStudioVersion = 10.0.40219.1
Project("{2150E333-8FDC-42A3-9474-1A3956D46DE8}") = "LeerData", "LeerData", "{376BB97C-41D5-4CEC-A6A7-2C2329580581}"
EndProject
Project("{9A19103F-16F7-4668-BE54-9A1E7A4F7556}") = "LeerData", "LeerData\LeerData.csproj", "{DE731F5A-623E-4ED5-9992-56B6D767B90F}"
EndProject
Project("{2150E333-8FDC-42A3-9474-1A3956D46DE8}") = "Solution Items", "Solution Items", "{C4D32D11-51B3-4106-81D7-10E63F456703}"
	ProjectSection(SolutionItems) = preProject
		.editorconfig = .editorconfig
	EndProjectSection
EndProject
Global
	GlobalSection(SolutionConfigurationPlatforms) = preSolution
		Debug|Any CPU = Debug|Any CPU
		Release|Any CPU = Release|Any CPU
	EndGlobalSection
	GlobalSection(ProjectConfigurationPlatforms) = postSolution
		{DE731F5A-623E-4ED5-9992-56B6D767B90F}.Debug|Any CPU.ActiveCfg = Debug|Any CPU
		{DE731F5A-623E-4ED5-9992-56B6D767B90F}.Debug|Any CPU.Build.0 = Debug|Any CPU
		{DE731F5A-623E-4ED5-9992-56B6D767B90F}.Release|Any CPU.ActiveCfg = Release|Any CPU
		{DE731F5A-623E-4ED5-9992-56B6D767B90F}.Release|Any CPU.Build.0 = Release|Any CPU
	EndGlobalSection
	GlobalSection(SolutionProperties) = preSolution
		HideSolutionNode = FALSE
	EndGlobalSection
	GlobalSection(NestedProjects) = preSolution
		{DE731F5A-623E-4ED5-9992-56B6D767B90F} = {376BB97C-41D5-4CEC-A6A7-2C2329580581}
	EndGlobalSection
	GlobalSection(ExtensibilityGlobals) = postSolution
		SolutionGuid = {7AF8C42F-5359-49BB-A697-6EE1963DD2F1}
	EndGlobalSection
EndGlobal
